
Microsoft Visual Studio Solution File, Format Version 12.00
# Visual Studio 15
VisualStudioVersion = 15.0.27428.2043
MinimumVisualStudioVersion = 10.0.40219.1
Project("{FAE04EC0-301F-11D3-BF4B-00C04F79EFBC}") = "SkypeCallRelay", "MvcApplication1\SkypeCallRelay.csproj", "{812549F1-34FA-48D7-B9AA-B012EA0C5A79}"
EndProject
Project("{FAE04EC0-301F-11D3-BF4B-00C04F79EFBC}") = "SkypeCall.Handler", "SkypeCallHandler\SkypeCall.Handler.csproj", "{77841427-3C6C-4276-AFE1-0BC665C1EF5A}"
EndProject
Global
	GlobalSection(SolutionConfigurationPlatforms) = preSolution
		Debug|Any CPU = Debug|Any CPU
		Release|Any CPU = Release|Any CPU
	EndGlobalSection
	GlobalSection(ProjectConfigurationPlatforms) = postSolution
		{812549F1-34FA-48D7-B9AA-B012EA0C5A79}.Debug|Any CPU.ActiveCfg = Debug|Any CPU
		{812549F1-34FA-48D7-B9AA-B012EA0C5A79}.Debug|Any CPU.Build.0 = Debug|Any CPU
		{812549F1-34FA-48D7-B9AA-B012EA0C5A79}.Release|Any CPU.ActiveCfg = Release|Any CPU
		{812549F1-34FA-48D7-B9AA-B012EA0C5A79}.Release|Any CPU.Build.0 = Release|Any CPU
		{77841427-3C6C-4276-AFE1-0BC665C1EF5A}.Debug|Any CPU.ActiveCfg = Debug|Any CPU
		{77841427-3C6C-4276-AFE1-0BC665C1EF5A}.Debug|Any CPU.Build.0 = Debug|Any CPU
		{77841427-3C6C-4276-AFE1-0BC665C1EF5A}.Release|Any CPU.ActiveCfg = Release|Any CPU
		{77841427-3C6C-4276-AFE1-0BC665C1EF5A}.Release|Any CPU.Build.0 = Release|Any CPU
	EndGlobalSection
	GlobalSection(SolutionProperties) = preSolution
		HideSolutionNode = FALSE
	EndGlobalSection
	GlobalSection(ExtensibilityGlobals) = postSolution
		SolutionGuid = {62E59481-0853-42CB-A99D-AA13535DA0B3}
	EndGlobalSection
EndGlobal
